{
  "version": 4,
  "terraform_version": "0.12.18",
  "serial": 19,
  "lineage": "a5730ab5-f88e-f72d-dafa-4f8fa30801dc",
  "outputs": {},
  "resources": [
    {
      "mode": "managed",
      "type": "digitalocean_droplet",
      "name": "manager",
      "each": "list",
      "provider": "provider.digitalocean",
      "instances": [
        {
          "index_key": 0,
          "schema_version": 1,
          "attributes": {
            "backups": false,
            "created_at": "2020-01-13T14:54:42Z",
            "disk": 320,
            "id": "175435541",
            "image": "ubuntu-18-04-x64",
            "ipv4_address": "134.209.246.79",
            "ipv4_address_private": "10.135.189.108",
            "ipv6": true,
            "ipv6_address": "2a03:b0c0:3:e0::209:c001",
            "ipv6_address_private": null,
            "locked": false,
            "memory": 16384,
            "monitoring": true,
            "name": "manager-1",
            "price_hourly": 0.11905,
            "price_monthly": 80,
            "private_networking": true,
            "region": "fra1",
            "resize_disk": true,
            "size": "s-6vcpu-16gb",
            "ssh_keys": [
              "26255948"
            ],
            "status": "active",
            "tags": [
              "cio",
              "docker",
              "manager",
              "mbiosphere",
              "swarm"
            ],
            "urn": "do:droplet:175435541",
            "user_data": null,
            "vcpus": 6,
            "volume_ids": []
          },
          "private": "eyJzY2hlbWFfdmVyc2lvbiI6IjEifQ=="
        },
        {
          "index_key": 1,
          "schema_version": 1,
          "attributes": {
            "backups": false,
            "created_at": "2020-01-13T14:54:43Z",
            "disk": 320,
            "id": "175435543",
            "image": "ubuntu-18-04-x64",
            "ipv4_address": "46.101.177.20",
            "ipv4_address_private": "10.135.141.205",
            "ipv6": true,
            "ipv6_address": "2a03:b0c0:3:d0::426:5001",
            "ipv6_address_private": null,
            "locked": false,
            "memory": 16384,
            "monitoring": true,
            "name": "manager-2",
            "price_hourly": 0.11905,
            "price_monthly": 80,
            "private_networking": true,
            "region": "fra1",
            "resize_disk": true,
            "size": "s-6vcpu-16gb",
            "ssh_keys": [
              "26255948"
            ],
            "status": "active",
            "tags": [
              "cio",
              "docker",
              "manager",
              "mbiosphere",
              "swarm"
            ],
            "urn": "do:droplet:175435543",
            "user_data": null,
            "vcpus": 6,
            "volume_ids": []
          },
          "private": "eyJzY2hlbWFfdmVyc2lvbiI6IjEifQ=="
        },
        {
          "index_key": 2,
          "schema_version": 1,
          "attributes": {
            "backups": false,
            "created_at": "2020-01-13T14:54:41Z",
            "disk": 320,
            "id": "175435540",
            "image": "ubuntu-18-04-x64",
            "ipv4_address": "46.101.197.29",
            "ipv4_address_private": "10.135.191.141",
            "ipv6": true,
            "ipv6_address": "2a03:b0c0:3:d0::496:8001",
            "ipv6_address_private": null,
            "locked": false,
            "memory": 16384,
            "monitoring": true,
            "name": "manager-3",
            "price_hourly": 0.11905,
            "price_monthly": 80,
            "private_networking": true,
            "region": "fra1",
            "resize_disk": true,
            "size": "s-6vcpu-16gb",
            "ssh_keys": [
              "26255948"
            ],
            "status": "active",
            "tags": [
              "cio",
              "docker",
              "manager",
              "mbiosphere",
              "swarm"
            ],
            "urn": "do:droplet:175435540",
            "user_data": null,
            "vcpus": 6,
            "volume_ids": []
          },
          "private": "eyJzY2hlbWFfdmVyc2lvbiI6IjEifQ=="
        }
      ]
    },
    {
      "mode": "managed",
      "type": "digitalocean_droplet",
      "name": "satellite",
      "each": "list",
      "provider": "provider.digitalocean",
      "instances": [
        {
          "index_key": 0,
          "schema_version": 1,
          "attributes": {
            "backups": false,
            "created_at": "2020-01-13T14:54:39Z",
            "disk": 320,
            "id": "175435537",
            "image": "ubuntu-18-04-x64",
            "ipv4_address": "134.209.226.66",
            "ipv4_address_private": "10.135.142.222",
            "ipv6": true,
            "ipv6_address": "2a03:b0c0:3:e0::1e8:9001",
            "ipv6_address_private": null,
            "locked": false,
            "memory": 16384,
            "monitoring": true,
            "name": "satellite-1",
            "price_hourly": 0.11905,
            "price_monthly": 80,
            "private_networking": true,
            "region": "fra1",
            "resize_disk": true,
            "size": "s-6vcpu-16gb",
            "ssh_keys": [
              "26255948"
            ],
            "status": "active",
            "tags": [
              "backplane",
              "docker",
              "local",
              "mbiosphere",
              "runner",
              "swarm"
            ],
            "urn": "do:droplet:175435537",
            "user_data": null,
            "vcpus": 6,
            "volume_ids": []
          },
          "private": "eyJzY2hlbWFfdmVyc2lvbiI6IjEifQ=="
        },
        {
          "index_key": 1,
          "schema_version": 1,
          "attributes": {
            "backups": false,
            "created_at": "2020-01-13T14:54:39Z",
            "disk": 320,
            "id": "175435538",
            "image": "ubuntu-18-04-x64",
            "ipv4_address": "157.230.115.164",
            "ipv4_address_private": "10.135.31.248",
            "ipv6": true,
            "ipv6_address": "2a03:b0c0:3:e0::19e:d001",
            "ipv6_address_private": null,
            "locked": false,
            "memory": 16384,
            "monitoring": true,
            "name": "satellite-2",
            "price_hourly": 0.11905,
            "price_monthly": 80,
            "private_networking": true,
            "region": "fra1",
            "resize_disk": true,
            "size": "s-6vcpu-16gb",
            "ssh_keys": [
              "26255948"
            ],
            "status": "active",
            "tags": [
              "backplane",
              "docker",
              "local",
              "mbiosphere",
              "runner",
              "swarm"
            ],
            "urn": "do:droplet:175435538",
            "user_data": null,
            "vcpus": 6,
            "volume_ids": []
          },
          "private": "eyJzY2hlbWFfdmVyc2lvbiI6IjEifQ=="
        }
      ]
    },
    {
      "mode": "managed",
      "type": "digitalocean_droplet",
      "name": "worker",
      "each": "list",
      "provider": "provider.digitalocean",
      "instances": [
        {
          "index_key": 0,
          "schema_version": 1,
          "attributes": {
            "backups": false,
            "created_at": "2020-01-13T14:54:39Z",
            "disk": 320,
            "id": "175435536",
            "image": "ubuntu-18-04-x64",
            "ipv4_address": "134.209.242.82",
            "ipv4_address_private": "10.135.163.223",
            "ipv6": true,
            "ipv6_address": "2a03:b0c0:3:e0::1fe:8001",
            "ipv6_address_private": null,
            "locked": false,
            "memory": 16384,
            "monitoring": true,
            "name": "worker-1",
            "price_hourly": 0.11905,
            "price_monthly": 80,
            "private_networking": true,
            "region": "fra1",
            "resize_disk": true,
            "size": "s-6vcpu-16gb",
            "ssh_keys": [
              "26255948"
            ],
            "status": "active",
            "tags": [
              "cio",
              "docker",
              "mbiosphere",
              "swarm",
              "worker"
            ],
            "urn": "do:droplet:175435536",
            "user_data": null,
            "vcpus": 6,
            "volume_ids": []
          },
          "private": "eyJzY2hlbWFfdmVyc2lvbiI6IjEifQ=="
        },
        {
          "index_key": 1,
          "schema_version": 1,
          "attributes": {
            "backups": false,
            "created_at": "2020-01-13T14:54:40Z",
            "disk": 320,
            "id": "175435539",
            "image": "ubuntu-18-04-x64",
            "ipv4_address": "46.101.178.76",
            "ipv4_address_private": "10.135.186.108",
            "ipv6": true,
            "ipv6_address": "2a03:b0c0:3:d0::48a:2001",
            "ipv6_address_private": null,
            "locked": false,
            "memory": 16384,
            "monitoring": true,
            "name": "worker-2",
            "price_hourly": 0.11905,
            "price_monthly": 80,
            "private_networking": true,
            "region": "fra1",
            "resize_disk": true,
            "size": "s-6vcpu-16gb",
            "ssh_keys": [
              "26255948"
            ],
            "status": "active",
            "tags": [
              "cio",
              "docker",
              "mbiosphere",
              "swarm",
              "worker"
            ],
            "urn": "do:droplet:175435539",
            "user_data": null,
            "vcpus": 6,
            "volume_ids": []
          },
          "private": "eyJzY2hlbWFfdmVyc2lvbiI6IjEifQ=="
        }
      ]
    },
    {
      "mode": "managed",
      "type": "digitalocean_volume",
      "name": "manager",
      "each": "list",
      "provider": "provider.digitalocean",
      "instances": [
        {
          "index_key": 0,
          "schema_version": 0,
          "attributes": {
            "description": "manager-0",
            "droplet_ids": [],
            "filesystem_label": null,
            "filesystem_type": null,
            "id": "a075ae3b-3614-11ea-b071-0a58ac14d0d4",
            "initial_filesystem_label": null,
            "initial_filesystem_type": null,
            "name": "manager-0",
            "region": "fra1",
            "size": 50,
            "snapshot_id": null,
            "tags": null,
            "urn": "do:volume:a075ae3b-3614-11ea-b071-0a58ac14d0d4"
          },
          "private": "bnVsbA=="
        },
        {
          "index_key": 1,
          "schema_version": 0,
          "attributes": {
            "description": "manager-1",
            "droplet_ids": [],
            "filesystem_label": null,
            "filesystem_type": null,
            "id": "a075dc99-3614-11ea-b071-0a58ac14d0d4",
            "initial_filesystem_label": null,
            "initial_filesystem_type": null,
            "name": "manager-1",
            "region": "fra1",
            "size": 50,
            "snapshot_id": null,
            "tags": null,
            "urn": "do:volume:a075dc99-3614-11ea-b071-0a58ac14d0d4"
          },
          "private": "bnVsbA=="
        },
        {
          "index_key": 4,
          "schema_version": 0,
          "attributes": {
            "description": "manager-4",
            "droplet_ids": [],
            "filesystem_label": null,
            "filesystem_type": null,
            "id": "9faa2c44-3614-11ea-b071-0a58ac14d0d4",
            "initial_filesystem_label": null,
            "initial_filesystem_type": null,
            "name": "manager-4",
            "region": "fra1",
            "size": 50,
            "snapshot_id": null,
            "tags": null,
            "urn": "do:volume:9faa2c44-3614-11ea-b071-0a58ac14d0d4"
          },
          "private": "bnVsbA=="
        },
        {
          "index_key": 6,
          "schema_version": 0,
          "attributes": {
            "description": "manager-6",
            "droplet_ids": [],
            "filesystem_label": null,
            "filesystem_type": null,
            "id": "9facfe66-3614-11ea-b5bd-0a58ac14d121",
            "initial_filesystem_label": null,
            "initial_filesystem_type": null,
            "name": "manager-6",
            "region": "fra1",
            "size": 50,
            "snapshot_id": null,
            "tags": null,
            "urn": "do:volume:9facfe66-3614-11ea-b5bd-0a58ac14d121"
          },
          "private": "bnVsbA=="
        },
        {
          "index_key": 7,
          "schema_version": 0,
          "attributes": {
            "description": "manager-7",
            "droplet_ids": [],
            "filesystem_label": null,
            "filesystem_type": null,
            "id": "a0730582-3614-11ea-9ad2-0a58ac14d019",
            "initial_filesystem_label": null,
            "initial_filesystem_type": null,
            "name": "manager-7",
            "region": "fra1",
            "size": 50,
            "snapshot_id": null,
            "tags": null,
            "urn": "do:volume:a0730582-3614-11ea-9ad2-0a58ac14d019"
          },
          "private": "bnVsbA=="
        }
      ]
    },
    {
      "mode": "managed",
      "type": "digitalocean_volume",
      "name": "worker",
      "each": "list",
      "provider": "provider.digitalocean",
      "instances": [
        {
          "index_key": 0,
          "schema_version": 0,
          "attributes": {
            "description": "worker-0",
            "droplet_ids": [],
            "filesystem_label": null,
            "filesystem_type": null,
            "id": "9fab35a8-3614-11ea-b5bd-0a58ac14d121",
            "initial_filesystem_label": null,
            "initial_filesystem_type": null,
            "name": "worker-0",
            "region": "fra1",
            "size": 50,
            "snapshot_id": null,
            "tags": null,
            "urn": "do:volume:9fab35a8-3614-11ea-b5bd-0a58ac14d121"
          },
          "private": "bnVsbA=="
        },
        {
          "index_key": 1,
          "schema_version": 0,
          "attributes": {
            "description": "worker-1",
            "droplet_ids": [],
            "filesystem_label": null,
            "filesystem_type": null,
            "id": "9fab10ff-3614-11ea-9ad2-0a58ac14d019",
            "initial_filesystem_label": null,
            "initial_filesystem_type": null,
            "name": "worker-1",
            "region": "fra1",
            "size": 50,
            "snapshot_id": null,
            "tags": null,
            "urn": "do:volume:9fab10ff-3614-11ea-9ad2-0a58ac14d019"
          },
          "private": "bnVsbA=="
        },
        {
          "index_key": 2,
          "schema_version": 0,
          "attributes": {
            "description": "worker-2",
            "droplet_ids": [],
            "filesystem_label": null,
            "filesystem_type": null,
            "id": "9fa91efe-3614-11ea-b5bd-0a58ac14d121",
            "initial_filesystem_label": null,
            "initial_filesystem_type": null,
            "name": "worker-2",
            "region": "fra1",
            "size": 50,
            "snapshot_id": null,
            "tags": null,
            "urn": "do:volume:9fa91efe-3614-11ea-b5bd-0a58ac14d121"
          },
          "private": "bnVsbA=="
        },
        {
          "index_key": 3,
          "schema_version": 0,
          "attributes": {
            "description": "worker-3",
            "droplet_ids": [],
            "filesystem_label": null,
            "filesystem_type": null,
            "id": "9fac3ad9-3614-11ea-b5bd-0a58ac14d121",
            "initial_filesystem_label": null,
            "initial_filesystem_type": null,
            "name": "worker-3",
            "region": "fra1",
            "size": 50,
            "snapshot_id": null,
            "tags": null,
            "urn": "do:volume:9fac3ad9-3614-11ea-b5bd-0a58ac14d121"
          },
          "private": "bnVsbA=="
        },
        {
          "index_key": 5,
          "schema_version": 0,
          "attributes": {
            "description": "worker-5",
            "droplet_ids": [],
            "filesystem_label": null,
            "filesystem_type": null,
            "id": "9fd6f47f-3614-11ea-b071-0a58ac14d0d4",
            "initial_filesystem_label": null,
            "initial_filesystem_type": null,
            "name": "worker-5",
            "region": "fra1",
            "size": 50,
            "snapshot_id": null,
            "tags": null,
            "urn": "do:volume:9fd6f47f-3614-11ea-b071-0a58ac14d0d4"
          },
          "private": "bnVsbA=="
        }
      ]
    },
    {
      "mode": "managed",
      "type": "digitalocean_volume_attachment",
      "name": "manager",
      "each": "list",
      "provider": "provider.digitalocean",
      "instances": []
    },
    {
      "mode": "managed",
      "type": "digitalocean_volume_attachment",
      "name": "worker",
      "each": "list",
      "provider": "provider.digitalocean",
      "instances": []
    }
  ]
}
